// !$*UTF8*$!
{
	archiveVersion = 1;
	classes = {
	};
	objectVersion = 46;
	objects = {

/* Begin PBXBuildFile section */
		BCC5A3C31CAE50F400C60B55 /* main.m in Sources */ = {isa = PBXBuildFile; fileRef = BCC5A3C21CAE50F400C60B55 /* main.m */; };
		BCC5A3C61CAE50F400C60B55 /* AppDelegate.m in Sources */ = {isa = PBXBuildFile; fileRef = BCC5A3C51CAE50F400C60B55 /* AppDelegate.m */; };
		BCC5A3C91CAE50F400C60B55 /* ViewController.m in Sources */ = {isa = PBXBuildFile; fileRef = BCC5A3C81CAE50F400C60B55 /* ViewController.m */; };
		BCC5A3CC1CAE50F400C60B55 /* Main.storyboard in Resources */ = {isa = PBXBuildFile; fileRef = BCC5A3CA1CAE50F400C60B55 /* Main.storyboard */; };
		BCC5A3CE1CAE50F400C60B55 /* Assets.xcassets in Resources */ = {isa = PBXBuildFile; fileRef = BCC5A3CD1CAE50F400C60B55 /* Assets.xcassets */; };
		BCC5A3D11CAE50F400C60B55 /* LaunchScreen.storyboard in Resources */ = {isa = PBXBuildFile; fileRef = BCC5A3CF1CAE50F400C60B55 /* LaunchScreen.storyboard */; };
/* End PBXBuildFile section */

/* Begin PBXFileReference section */
		BCC5A3BE1CAE50F400C60B55 /* gittdemo2.app */ = {isa = PBXFileReference; explicitFileType = wrapper.application; includeInIndex = 0; path = gittdemo2.app; sourceTree = BUILT_PRODUCTS_DIR; };
		BCC5A3C21CAE50F400C60B55 /* main.m */ = {isa = PBXFileReference; lastKnownFileType = sourcecode.c.objc; path = main.m; sourceTree = "<group>"; };
		BCC5A3C41CAE50F400C60B55 /* AppDelegate.h */ = {isa = PBXFileReference; lastKnownFileType = sourcecode.c.h; path = AppDelegate.h; sourceTree = "<group>"; };
		BCC5A3C51CAE50F400C60B55 /* AppDelegate.m */ = {isa = PBXFileReference; lastKnownFileType = sourcecode.c.objc; path = AppDelegate.m; sourceTree = "<group>"; };
		BCC5A3C71CAE50F400C60B55 /* ViewController.h */ = {isa = PBXFileReference; lastKnownFileType = sourcecode.c.h; path = ViewController.h; sourceTree = "<group>"; };
		BCC5A3C81CAE50F400C60B55 /* ViewController.m */ = {isa = PBXFileReference; lastKnownFileType = sourcecode.c.objc; path = ViewController.m; sourceTree = "<group>"; };
		BCC5A3CB1CAE50F400C60B55 /* Base */ = {isa = PBXFileReference; lastKnownFileType = file.storyboard; name = Base; path = Base.lproj/Main.storyboard; sourceTree = "<group>"; };
		BCC5A3CD1CAE50F400C60B55 /* Assets.xcassets */ = {isa = PBXFileReference; lastKnownFileType = folder.assetcatalog; path = Assets.xcassets; sourceTree = "<group>"; };
		BCC5A3D01CAE50F400C60B55 /* Base */ = {isa = PBXFileReference; lastKnownFileType = file.storyboard; name = Base; path = Base.lproj/LaunchScreen.storyboard; sourceTree = "<group>"; };
		BCC5A3D21CAE50F400C60B55 /* Info.plist */ = {isa = PBXFileReference; lastKnownFileType = text.plist.xml; path = Info.plist; sourceTree = "<group>"; };
/* End PBXFileReference section */

/* Begin PBXFrameworksBuildPhase section */
		BCC5A3BB1CAE50F400C60B55 /* Frameworks */ = {
			isa = PBXFrameworksBuildPhase;
			buildActionMask = 2147483647;
			files = (
			);
			runOnlyForDeploymentPostprocessing = 0;
		};
/* End PBXFrameworksBuildPhase section */

/* Begin PBXGroup section */
		BCC5A3B51CAE50F400C60B55 = {
			isa = PBXGroup;
			children = (
				BCC5A3C01CAE50F400C60B55 /* gittdemo2 */,
				BCC5A3BF1CAE50F400C60B55 /* Products */,
			);
			sourceTree = "<group>";
		};
		BCC5A3BF1CAE50F400C60B55 /* Products */ = {
			isa = PBXGroup;
			children = (
				BCC5A3BE1CAE50F400C60B55 /* gittdemo2.app */,
			);
			name = Products;
			sourceTree = "<group>";
		};
		BCC5A3C01CAE50F400C60B55 /* gittdemo2 */ = {
			isa = PBXGroup;
			children = (
				BCC5A3C41CAE50F400C60B55 /* AppDelegate.h */,
				BCC5A3C51CAE50F400C60B55 /* AppDelegate.m */,
				BCC5A3C71CAE50F400C60B55 /* ViewController.h */,
				BCC5A3C81CAE50F400C60B55 /* ViewController.m */,
				BCC5A3CA1CAE50F400C60B55 /* Main.storyboard */,
				BCC5A3CD1CAE50F400C60B55 /* Assets.xcassets */,
				BCC5A3CF1CAE50F400C60B55 /* LaunchScreen.storyboard */,
				BCC5A3D21CAE50F400C60B55 /* Info.plist */,
				BCC5A3C11CAE50F400C60B55 /* Supporting Files */,
			);
			path = gittdemo2;
			sourceTree = "<group>";
		};
		BCC5A3C11CAE50F400C60B55 /* Supporting Files */ = {
			isa = PBXGroup;
			children = (
				BCC5A3C21CAE50F400C60B55 /* main.m */,
			);
			name = "Supporting Files";
			sourceTree = "<group>";
		};
/* End PBXGroup section */

/* Begin PBXNativeTarget section */
		BCC5A3BD1CAE50F400C60B55 /* gittdemo2 */ = {
			isa = PBXNativeTarget;
			buildConfigurationList = BCC5A3D51CAE50F400C60B55 /* Build configuration list for PBXNativeTarget "gittdemo2" */;
			buildPhases = (
				BCC5A3BA1CAE50F400C60B55 /* Sources */,
				BCC5A3BB1CAE50F400C60B55 /* Frameworks */,
				BCC5A3BC1CAE50F400C60B55 /* Resources */,
			);
			buildRules = (
			);
			dependencies = (
			);
			name = gittdemo2;
			productName = gittdemo2;
			productReference = BCC5A3BE1CAE50F400C60B55 /* gittdemo2.app */;
			productType = "com.apple.product-type.application";
		};
/* End PBXNativeTarget section */

/* Begin PBXProject section */
		BCC5A3B61CAE50F400C60B55 /* Project object */ = {
			isa = PBXProject;
			attributes = {
				LastUpgradeCheck = 0720;
				ORGANIZATIONNAME = "何得林";
				TargetAttributes = {
					BCC5A3BD1CAE50F400C60B55 = {
						CreatedOnToolsVersion = 7.2;
					};
				};
			};
			buildConfigurationList = BCC5A3B91CAE50F400C60B55 /* Build configuration list for PBXProject "gittdemo2" */;
			compatibilityVersion = "Xcode 3.2";
			developmentRegion = English;
			hasScannedForEncodings = 0;
			knownRegions = (
				en,
				Base,
			);
			mainGroup = BCC5A3B51CAE50F400C60B55;
			productRefGroup = BCC5A3BF1CAE50F400C60B55 /* Products */;
			projectDirPath = "";
			projectRoot = "";
			targets = (
				BCC5A3BD1CAE50F400C60B55 /* gittdemo2 */,
			);
		};
/* End PBXProject section */

/* Begin PBXResourcesBuildPhase section */
		BCC5A3BC1CAE50F400C60B55 /* Resources */ = {
			isa = PBXResourcesBuildPhase;
			buildActionMask = 2147483647;
			files = (
				BCC5A3D11CAE50F400C60B55 /* LaunchScreen.storyboard in Resources */,
				BCC5A3CE1CAE50F400C60B55 /* Assets.xcassets in Resources */,
				BCC5A3CC1CAE50F400C60B55 /* Main.storyboard in Resources */,
			);
			runOnlyForDeploymentPostprocessing = 0;
		};
/* End PBXResourcesBuildPhase section */

/* Begin PBXSourcesBuildPhase section */
		BCC5A3BA1CAE50F400C60B55 /* Sources */ = {
			isa = PBXSourcesBuildPhase;
			buildActionMask = 2147483647;
			files = (
				BCC5A3C91CAE50F400C60B55 /* ViewController.m in Sources */,
				BCC5A3C61CAE50F400C60B55 /* AppDelegate.m in Sources */,
				BCC5A3C31CAE50F400C60B55 /* main.m in Sources */,
			);
			runOnlyForDeploymentPostprocessing = 0;
		};
/* End PBXSourcesBuildPhase section */

/* Begin PBXVariantGroup section */
		BCC5A3CA1CAE50F400C60B55 /* Main.storyboard */ = {
			isa = PBXVariantGroup;
			children = (
				BCC5A3CB1CAE50F400C60B55 /* Base */,
			);
			name = Main.storyboard;
			sourceTree = "<group>";
		};
		BCC5A3CF1CAE50F400C60B55 /* LaunchScreen.storyboard */ = {
			isa = PBXVariantGroup;
			children = (
				BCC5A3D01CAE50F400C60B55 /* Base */,
			);
			name = LaunchScreen.storyboard;
			sourceTree = "<group>";
		};
/* End PBXVariantGroup section */

/* Begin XCBuildConfiguration section */
		BCC5A3D31CAE50F400C60B55 /* Debug */ = {
			isa = XCBuildConfiguration;
			buildSettings = {
				ALWAYS_SEARCH_USER_PATHS = NO;
				CLANG_CXX_LANGUAGE_STANDARD = "gnu++0x";
				CLANG_CXX_LIBRARY = "libc++";
				CLANG_ENABLE_MODULES = YES;
				CLANG_ENABLE_OBJC_ARC = YES;
				CLANG_WARN_BOOL_CONVERSION = YES;
				CLANG_WARN_CONSTANT_CONVERSION = YES;
				CLANG_WARN_DIRECT_OBJC_ISA_USAGE = YES_ERROR;
				CLANG_WARN_EMPTY_BODY = YES;
				CLANG_WARN_ENUM_CONVERSION = YES;
				CLANG_WARN_INT_CONVERSION = YES;
				CLANG_WARN_OBJC_ROOT_CLASS = YES_ERROR;
				CLANG_WARN_UNREACHABLE_CODE = YES;
				CLANG_WARN__DUPLICATE_METHOD_MATCH = YES;
				"CODE_SIGN_IDENTITY[sdk=iphoneos*]" = "iPhone Developer";
				COPY_PHASE_STRIP = NO;
				DEBUG_INFORMATION_FORMAT = dwarf;
				ENABLE_STRICT_OBJC_MSGSEND = YES;
				ENABLE_TESTABILITY = YES;
				GCC_C_LANGUAGE_STANDARD = gnu99;
				GCC_DYNAMIC_NO_PIC = NO;
				GCC_NO_COMMON_BLOCKS = YES;
				GCC_OPTIMIZATION_LEVEL = 0;
				GCC_PREPROCESSOR_DEFINITIONS = (
					"DEBUG=1",
					"$(inherited)",
				);
				GCC_WARN_64_TO_32_BIT_CONVERSION = YES;
				GCC_WARN_ABOUT_RETURN_TYPE = YES_ERROR;
				GCC_WARN_UNDECLARED_SELECTOR = YES;
				GCC_WARN_UNINITIALIZED_AUTOS = YES_AGGRESSIVE;
				GCC_WARN_UNUSED_FUNCTION = YES;
				GCC_WARN_UNUSED_VARIABLE = YES;
				IPHONEOS_DEPLOYMENT_TARGET = 9.2;
				MTL_ENABLE_DEBUG_INFO = YES;
				ONLY_ACTIVE_ARCH = YES;
				SDKROOT = iphoneos;
				TARGETED_DEVICE_FAMILY = "1,2";
			};
			name = Debug;
		};
		BCC5A3D41CAE50F400C60B55 /* Release */ = {
			isa = XCBuildConfiguration;
			buildSettings = {
				ALWAYS_SEARCH_USER_PATHS = NO;
				CLANG_CXX_LANGUAGE_STANDARD = "gnu++0x";
				CLANG_CXX_LIBRARY = "libc++";
				CLANG_ENABLE_MODULES = YES;
				CLANG_ENABLE_OBJC_ARC = YES;
				CLANG_WARN_BOOL_CONVERSION = YES;
				CLANG_WARN_CONSTANT_CONVERSION = YES;
				CLANG_WARN_DIRECT_OBJC_ISA_USAGE = YES_ERROR;
				CLANG_WARN_EMPTY_BODY = YES;
				CLANG_WARN_ENUM_CONVERSION = YES;
				CLANG_WARN_INT_CONVERSION = YES;
				CLANG_WARN_OBJC_ROOT_CLASS = YES_ERROR;
				CLANG_WARN_UNREACHABLE_CODE = YES;
				CLANG_WARN__DUPLICATE_METHOD_MATCH = YES;
				"CODE_SIGN_IDENTITY[sdk=iphoneos*]" = "iPhone Developer";
				COPY_PHASE_STRIP = NO;
				DEBUG_INFORMATION_FORMAT = "dwarf-with-dsym";
				ENABLE_NS_ASSERTIONS = NO;
				ENABLE_STRICT_OBJC_MSGSEND = YES;
				GCC_C_LANGUAGE_STANDARD = gnu99;
				GCC_NO_COMMON_BLOCKS = YES;
				GCC_WARN_64_TO_32_BIT_CONVERSION = YES;
				GCC_WARN_ABOUT_RETURN_TYPE = YES_ERROR;
				GCC_WARN_UNDECLARED_SELECTOR = YES;
				GCC_WARN_UNINITIALIZED_AUTOS = YES_AGGRESSIVE;
				GCC_WARN_UNUSED_FUNCTION = YES;
				GCC_WARN_UNUSED_VARIABLE = YES;
				IPHONEOS_DEPLOYMENT_TARGET = 9.2;
				MTL_ENABLE_DEBUG_INFO = NO;
				SDKROOT = iphoneos;
				TARGETED_DEVICE_FAMILY = "1,2";
				VALIDATE_PRODUCT = YES;
			};
			name = Release;
		};
		BCC5A3D61CAE50F400C60B55 /* Debug */ = {
			isa = XCBuildConfiguration;
			buildSettings = {
				ASSETCATALOG_COMPILER_APPICON_NAME = AppIcon;
				INFOPLIST_FILE = gittdemo2/Info.plist;
				LD_RUNPATH_SEARCH_PATHS = "$(inherited) @executable_path/Frameworks";
				PRODUCT_BUNDLE_IDENTIFIER = com.1520.gittdemo2;
				PRODUCT_NAME = "$(TARGET_NAME)";
			};
			name = Debug;
		};
		BCC5A3D71CAE50F400C60B55 /* Release */ = {
			isa = XCBuildConfiguration;
			buildSettings = {
				ASSETCATALOG_COMPILER_APPICON_NAME = AppIcon;
				INFOPLIST_FILE = gittdemo2/Info.plist;
				LD_RUNPATH_SEARCH_PATHS = "$(inherited) @executable_path/Frameworks";
				PRODUCT_BUNDLE_IDENTIFIER = com.1520.gittdemo2;
				PRODUCT_NAME = "$(TARGET_NAME)";
			};
			name = Release;
		};
/* End XCBuildConfiguration section */

/* Begin XCConfigurationList section */
		BCC5A3B91CAE50F400C60B55 /* Build configuration list for PBXProject "gittdemo2" */ = {
			isa = XCConfigurationList;
			buildConfigurations = (
				BCC5A3D31CAE50F400C60B55 /* Debug */,
				BCC5A3D41CAE50F400C60B55 /* Release */,
			);
			defaultConfigurationIsVisible = 0;
			defaultConfigurationName = Release;
		};
		BCC5A3D51CAE50F400C60B55 /* Build configuration list for PBXNativeTarget "gittdemo2" */ = {
			isa = XCConfigurationList;
			buildConfigurations = (
				BCC5A3D61CAE50F400C60B55 /* Debug */,
				BCC5A3D71CAE50F400C60B55 /* Release */,
			);
			defaultConfigurationIsVisible = 0;
		};
/* End XCConfigurationList section */
	};
	rootObject = BCC5A3B61CAE50F400C60B55 /* Project object */;
}
